
Microsoft Visual Studio Solution File, Format Version 12.00
# Visual Studio Version 17
VisualStudioVersion = 17.9.34728.123
MinimumVisualStudioVersion = 10.0.40219.1
Project("{2150E333-8FDC-42A3-9474-1A3956D46DE8}") = "sources", "sources", "{2D77715F-AFBA-4521-82F2-B715FE88E141}"
EndProject
Project("{2150E333-8FDC-42A3-9474-1A3956D46DE8}") = "DataLayer", "DataLayer", "{D4DFDD9A-E6EA-4F31-9BC7-85EC7174FF1A}"
EndProject
Project("{2150E333-8FDC-42A3-9474-1A3956D46DE8}") = "DomainLayer", "DomainLayer", "{865F8070-3C78-4BC6-A6E2-148D19028D82}"
EndProject
Project("{2150E333-8FDC-42A3-9474-1A3956D46DE8}") = "UserInterfaces", "UserInterfaces", "{94401928-4B1B-4B9A-96B1-4B3C67A3CD76}"
EndProject
Project("{2150E333-8FDC-42A3-9474-1A3956D46DE8}") = "ServiceLayer", "ServiceLayer", "{2DE6BACB-D0D9-4107-88D2-3F7387B433E6}"
EndProject
Project("{9A19103F-16F7-4668-BE54-9A1E7A4F7556}") = "ServiceLayer", "ServiceLayer\ServiceLayer.csproj", "{25FF4163-6DDD-4339-A3BE-7212FDF791CF}"
EndProject
Project("{9A19103F-16F7-4668-BE54-9A1E7A4F7556}") = "DataAccessLibrary", "DataAccessLibrary\DataAccessLibrary.csproj", "{C921E19D-7941-4E38-92F2-0831E5B21597}"
EndProject
Project("{2150E333-8FDC-42A3-9474-1A3956D46DE8}") = "Console", "Console", "{A23229FD-7E82-4A23-BE77-9E131FE10B60}"
EndProject
Project("{9A19103F-16F7-4668-BE54-9A1E7A4F7556}") = "MyApplication", "MyApplication\MyApplication.csproj", "{6AD93E5E-CFF4-4C04-AAE6-2CDE2340CF8F}"
EndProject
Project("{2150E333-8FDC-42A3-9474-1A3956D46DE8}") = "DomainModel", "DomainModel", "{292A445D-6CEB-4D53-A2F9-27E739D7647E}"
EndProject
Project("{9A19103F-16F7-4668-BE54-9A1E7A4F7556}") = "DomainModel", "DomainModel\DomainModel\DomainModel.csproj", "{20657772-5805-49EC-8FBF-FB8709799757}"
EndProject
Project("{FAE04EC0-301F-11D3-BF4B-00C04F79EFBC}") = "TestDomainModel", "DomainModel\TestDomainModel\TestDomainModel.csproj", "{F99A614E-B558-481A-B129-D621D4D0B50B}"
EndProject
Global
	GlobalSection(SolutionConfigurationPlatforms) = preSolution
		Debug|Any CPU = Debug|Any CPU
		Release|Any CPU = Release|Any CPU
	EndGlobalSection
	GlobalSection(ProjectConfigurationPlatforms) = postSolution
		{25FF4163-6DDD-4339-A3BE-7212FDF791CF}.Debug|Any CPU.ActiveCfg = Debug|Any CPU
		{25FF4163-6DDD-4339-A3BE-7212FDF791CF}.Debug|Any CPU.Build.0 = Debug|Any CPU
		{25FF4163-6DDD-4339-A3BE-7212FDF791CF}.Release|Any CPU.ActiveCfg = Release|Any CPU
		{25FF4163-6DDD-4339-A3BE-7212FDF791CF}.Release|Any CPU.Build.0 = Release|Any CPU
		{C921E19D-7941-4E38-92F2-0831E5B21597}.Debug|Any CPU.ActiveCfg = Debug|Any CPU
		{C921E19D-7941-4E38-92F2-0831E5B21597}.Debug|Any CPU.Build.0 = Debug|Any CPU
		{C921E19D-7941-4E38-92F2-0831E5B21597}.Release|Any CPU.ActiveCfg = Release|Any CPU
		{C921E19D-7941-4E38-92F2-0831E5B21597}.Release|Any CPU.Build.0 = Release|Any CPU
		{6AD93E5E-CFF4-4C04-AAE6-2CDE2340CF8F}.Debug|Any CPU.ActiveCfg = Debug|Any CPU
		{6AD93E5E-CFF4-4C04-AAE6-2CDE2340CF8F}.Debug|Any CPU.Build.0 = Debug|Any CPU
		{6AD93E5E-CFF4-4C04-AAE6-2CDE2340CF8F}.Release|Any CPU.ActiveCfg = Release|Any CPU
		{6AD93E5E-CFF4-4C04-AAE6-2CDE2340CF8F}.Release|Any CPU.Build.0 = Release|Any CPU
		{20657772-5805-49EC-8FBF-FB8709799757}.Debug|Any CPU.ActiveCfg = Debug|Any CPU
		{20657772-5805-49EC-8FBF-FB8709799757}.Debug|Any CPU.Build.0 = Debug|Any CPU
		{20657772-5805-49EC-8FBF-FB8709799757}.Release|Any CPU.ActiveCfg = Release|Any CPU
		{20657772-5805-49EC-8FBF-FB8709799757}.Release|Any CPU.Build.0 = Release|Any CPU
		{F99A614E-B558-481A-B129-D621D4D0B50B}.Debug|Any CPU.ActiveCfg = Debug|Any CPU
		{F99A614E-B558-481A-B129-D621D4D0B50B}.Debug|Any CPU.Build.0 = Debug|Any CPU
		{F99A614E-B558-481A-B129-D621D4D0B50B}.Release|Any CPU.ActiveCfg = Release|Any CPU
		{F99A614E-B558-481A-B129-D621D4D0B50B}.Release|Any CPU.Build.0 = Release|Any CPU
	EndGlobalSection
	GlobalSection(SolutionProperties) = preSolution
		HideSolutionNode = FALSE
	EndGlobalSection
	GlobalSection(NestedProjects) = preSolution
		{D4DFDD9A-E6EA-4F31-9BC7-85EC7174FF1A} = {2D77715F-AFBA-4521-82F2-B715FE88E141}
		{865F8070-3C78-4BC6-A6E2-148D19028D82} = {2D77715F-AFBA-4521-82F2-B715FE88E141}
		{94401928-4B1B-4B9A-96B1-4B3C67A3CD76} = {2D77715F-AFBA-4521-82F2-B715FE88E141}
		{2DE6BACB-D0D9-4107-88D2-3F7387B433E6} = {865F8070-3C78-4BC6-A6E2-148D19028D82}
		{25FF4163-6DDD-4339-A3BE-7212FDF791CF} = {2DE6BACB-D0D9-4107-88D2-3F7387B433E6}
		{C921E19D-7941-4E38-92F2-0831E5B21597} = {D4DFDD9A-E6EA-4F31-9BC7-85EC7174FF1A}
		{A23229FD-7E82-4A23-BE77-9E131FE10B60} = {94401928-4B1B-4B9A-96B1-4B3C67A3CD76}
		{6AD93E5E-CFF4-4C04-AAE6-2CDE2340CF8F} = {A23229FD-7E82-4A23-BE77-9E131FE10B60}
		{292A445D-6CEB-4D53-A2F9-27E739D7647E} = {865F8070-3C78-4BC6-A6E2-148D19028D82}
		{20657772-5805-49EC-8FBF-FB8709799757} = {292A445D-6CEB-4D53-A2F9-27E739D7647E}
		{F99A614E-B558-481A-B129-D621D4D0B50B} = {292A445D-6CEB-4D53-A2F9-27E739D7647E}
	EndGlobalSection
	GlobalSection(ExtensibilityGlobals) = postSolution
		SolutionGuid = {1C993645-21F0-4D74-AD42-654B9305C275}
	EndGlobalSection
EndGlobal
